
Microsoft Visual Studio Solution File, Format Version 12.00
# Visual Studio Version 17
VisualStudioVersion = 17.10.35122.118
MinimumVisualStudioVersion = 10.0.40219.1
Project("{9A19103F-16F7-4668-BE54-9A1E7A4F7556}") = "TallerGestion", "TallerGestion.csproj", "{41AC8C76-8DF9-440B-9B6D-60DF1F34663D}"
EndProject
Global
	GlobalSection(SolutionConfigurationPlatforms) = preSolution
		Debug|Any CPU = Debug|Any CPU
		Release|Any CPU = Release|Any CPU
	EndGlobalSection
	GlobalSection(ProjectConfigurationPlatforms) = postSolution
		{41AC8C76-8DF9-440B-9B6D-60DF1F34663D}.Debug|Any CPU.ActiveCfg = Debug|Any CPU
		{41AC8C76-8DF9-440B-9B6D-60DF1F34663D}.Debug|Any CPU.Build.0 = Debug|Any CPU
		{41AC8C76-8DF9-440B-9B6D-60DF1F34663D}.Release|Any CPU.ActiveCfg = Release|Any CPU
		{41AC8C76-8DF9-440B-9B6D-60DF1F34663D}.Release|Any CPU.Build.0 = Release|Any CPU
	EndGlobalSection
	GlobalSection(SolutionProperties) = preSolution
		HideSolutionNode = FALSE
	EndGlobalSection
	GlobalSection(ExtensibilityGlobals) = postSolution
		SolutionGuid = {814249E2-7F6A-493B-8FF5-E55B8829A7C6}
	EndGlobalSection
EndGlobal
